{
  "nodes": {
    "blackmatter-nvim": {
      "inputs": {
        "nixpkgs": [
          "nixpkgs"
        ]
      },
      "locked": {
        "lastModified": 1771506579,
        "narHash": "sha256-6Zu/i2UhrinZ4gdaFj4UD7jjER7bhyZ39ROWKJphctw=",
        "owner": "pleme-io",
        "repo": "blackmatter-nvim",
        "rev": "b79f8a5b67411b880f992a18244073407c6cd734",
        "type": "github"
      },
      "original": {
        "owner": "pleme-io",
        "repo": "blackmatter-nvim",
        "type": "github"
      }
    },
    "nixpkgs": {
      "locked": {
        "lastModified": 1772047000,
        "narHash": "sha256-7DaQVv4R97cii/Qdfy4tmDZMB2xxtyIvNGSwXBBhSmo=",
        "owner": "NixOS",
        "repo": "nixpkgs",
        "rev": "1267bb4920d0fc06ea916734c11b0bf004bbe17e",
        "type": "github"
      },
      "original": {
        "owner": "NixOS",
        "ref": "nixos-25.11",
        "repo": "nixpkgs",
        "type": "github"
      }
    },
    "root": {
      "inputs": {
        "blackmatter-nvim": "blackmatter-nvim",
        "nixpkgs": "nixpkgs"
      }
    }
  },
  "root": "root",
  "version": 7
}
