{
  "nodes": {
    "blackmatter-nvim": {
      "inputs": {
        "nixpkgs": [
          "nixpkgs"
        ]
      },
      "locked": {
        "lastModified": 1772302208,
        "narHash": "sha256-lLKieoAXxYNL/uR3yo28rB4oGiBtGmM4fmUZtxbnG4o=",
        "owner": "pleme-io",
        "repo": "blackmatter-nvim",
        "rev": "523676f41a0e482e382b1f1af3e3a0b7a50cd4e9",
        "type": "github"
      },
      "original": {
        "owner": "pleme-io",
        "repo": "blackmatter-nvim",
        "type": "github"
      }
    },
    "nixpkgs": {
      "locked": {
        "lastModified": 1772047000,
        "narHash": "sha256-7DaQVv4R97cii/Qdfy4tmDZMB2xxtyIvNGSwXBBhSmo=",
        "owner": "NixOS",
        "repo": "nixpkgs",
        "rev": "1267bb4920d0fc06ea916734c11b0bf004bbe17e",
        "type": "github"
      },
      "original": {
        "owner": "NixOS",
        "ref": "nixos-25.11",
        "repo": "nixpkgs",
        "type": "github"
      }
    },
    "root": {
      "inputs": {
        "blackmatter-nvim": "blackmatter-nvim",
        "nixpkgs": "nixpkgs"
      }
    }
  },
  "root": "root",
  "version": 7
}
